
Microsoft Visual Studio Solution File, Format Version 12.00
# Visual Studio Version 17
VisualStudioVersion = 17.14.37111.16 d17.14
MinimumVisualStudioVersion = 10.0.40219.1
Project("{FAE04EC0-301F-11D3-BF4B-00C04F79EFBC}") = "TasksAuthnt,Authre", "TasksAuthnt,Authre\TasksAuthnt,Authre.csproj", "{3C45BCF9-BD98-47D5-86E7-2E28A11AF00D}"
EndProject
Global
	GlobalSection(SolutionConfigurationPlatforms) = preSolution
		Debug|Any CPU = Debug|Any CPU
		Release|Any CPU = Release|Any CPU
	EndGlobalSection
	GlobalSection(ProjectConfigurationPlatforms) = postSolution
		{3C45BCF9-BD98-47D5-86E7-2E28A11AF00D}.Debug|Any CPU.ActiveCfg = Debug|Any CPU
		{3C45BCF9-BD98-47D5-86E7-2E28A11AF00D}.Debug|Any CPU.Build.0 = Debug|Any CPU
		{3C45BCF9-BD98-47D5-86E7-2E28A11AF00D}.Release|Any CPU.ActiveCfg = Release|Any CPU
		{3C45BCF9-BD98-47D5-86E7-2E28A11AF00D}.Release|Any CPU.Build.0 = Release|Any CPU
	EndGlobalSection
	GlobalSection(SolutionProperties) = preSolution
		HideSolutionNode = FALSE
	EndGlobalSection
	GlobalSection(ExtensibilityGlobals) = postSolution
		SolutionGuid = {5F85D5C5-A8F8-4143-8617-5D398BCE37B3}
	EndGlobalSection
EndGlobal
